
Microsoft Visual Studio Solution File, Format Version 12.00
# Visual Studio Version 17
VisualStudioVersion = 17.8.34309.116
MinimumVisualStudioVersion = 10.0.40219.1
Project("{FAE04EC0-301F-11D3-BF4B-00C04F79EFBC}") = "Recurrsion", "Recurrsion\Recurrsion.csproj", "{1C058C5C-F6BC-48DB-B41C-EA396C3266CE}"
EndProject
Global
	GlobalSection(SolutionConfigurationPlatforms) = preSolution
		Debug|Any CPU = Debug|Any CPU
		Release|Any CPU = Release|Any CPU
	EndGlobalSection
	GlobalSection(ProjectConfigurationPlatforms) = postSolution
		{1C058C5C-F6BC-48DB-B41C-EA396C3266CE}.Debug|Any CPU.ActiveCfg = Debug|Any CPU
		{1C058C5C-F6BC-48DB-B41C-EA396C3266CE}.Debug|Any CPU.Build.0 = Debug|Any CPU
		{1C058C5C-F6BC-48DB-B41C-EA396C3266CE}.Release|Any CPU.ActiveCfg = Release|Any CPU
		{1C058C5C-F6BC-48DB-B41C-EA396C3266CE}.Release|Any CPU.Build.0 = Release|Any CPU
	EndGlobalSection
	GlobalSection(SolutionProperties) = preSolution
		HideSolutionNode = FALSE
	EndGlobalSection
	GlobalSection(ExtensibilityGlobals) = postSolution
		SolutionGuid = {6CC7AB7A-DD1E-47CE-8BBA-3CA62AE4F468}
	EndGlobalSection
EndGlobal
